
Microsoft Visual Studio Solution File, Format Version 12.00
# Visual Studio Version 17
VisualStudioVersion = 17.9.34728.123
MinimumVisualStudioVersion = 10.0.40219.1
Project("{FAE04EC0-301F-11D3-BF4B-00C04F79EFBC}") = "newapp", "newapp\newapp.csproj", "{EC0D18BD-9DCC-4C39-AA38-236FDD7E1B3B}"
EndProject
Global
	GlobalSection(SolutionConfigurationPlatforms) = preSolution
		Debug|Any CPU = Debug|Any CPU
		Release|Any CPU = Release|Any CPU
	EndGlobalSection
	GlobalSection(ProjectConfigurationPlatforms) = postSolution
		{EC0D18BD-9DCC-4C39-AA38-236FDD7E1B3B}.Debug|Any CPU.ActiveCfg = Debug|Any CPU
		{EC0D18BD-9DCC-4C39-AA38-236FDD7E1B3B}.Debug|Any CPU.Build.0 = Debug|Any CPU
		{EC0D18BD-9DCC-4C39-AA38-236FDD7E1B3B}.Release|Any CPU.ActiveCfg = Release|Any CPU
		{EC0D18BD-9DCC-4C39-AA38-236FDD7E1B3B}.Release|Any CPU.Build.0 = Release|Any CPU
	EndGlobalSection
	GlobalSection(SolutionProperties) = preSolution
		HideSolutionNode = FALSE
	EndGlobalSection
	GlobalSection(ExtensibilityGlobals) = postSolution
		SolutionGuid = {F83995AE-DFB8-404E-BEA1-DB31461F7FCD}
	EndGlobalSection
EndGlobal
